
Microsoft Visual Studio Solution File, Format Version 12.00
# Visual Studio Version 16
VisualStudioVersion = 16.0.30114.105
MinimumVisualStudioVersion = 10.0.40219.1
Project("{2150E333-8FDC-42A3-9474-1A3956D46DE8}") = "src", "src", "{BAF795BE-E2E2-4609-9EAC-0DA6B27A28B5}"
EndProject
Project("{2150E333-8FDC-42A3-9474-1A3956D46DE8}") = "Core", "Core", "{74E7389C-BDA0-493C-884D-DA0670377761}"
EndProject
Project("{FAE04EC0-301F-11D3-BF4B-00C04F79EFBC}") = "StudentRegistration.Domain", "src\Core\StudentRegistration.Domain\StudentRegistration.Domain.csproj", "{E041E9CC-C295-44D5-84E3-28AB61E69E70}"
EndProject
Project("{FAE04EC0-301F-11D3-BF4B-00C04F79EFBC}") = "StudentRegistration.Application", "src\Core\StudentRegistration.Application\StudentRegistration.Application.csproj", "{87B73FA1-9A75-4A73-96F7-3D3A9D8AC110}"
EndProject
Project("{2150E333-8FDC-42A3-9474-1A3956D46DE8}") = "Infrastructure", "Infrastructure", "{0F68CD8F-A694-4C06-9846-010C21689B21}"
EndProject
Project("{FAE04EC0-301F-11D3-BF4B-00C04F79EFBC}") = "StudentRegistration.Infrastructure", "src\Infrastructure\StudentRegistration.Infrastructure\StudentRegistration.Infrastructure.csproj", "{A3093297-9534-49A6-86F9-FE715A287DDB}"
EndProject
Project("{2150E333-8FDC-42A3-9474-1A3956D46DE8}") = "WebApi", "WebApi", "{ED96C240-D050-48F7-96B0-06739BEE742C}"
EndProject
Project("{FAE04EC0-301F-11D3-BF4B-00C04F79EFBC}") = "StudentRegistration.WebApi", "src\WebApi\StudentRegistration.WebApi\StudentRegistration.WebApi.csproj", "{882D7D71-A165-4629-9D19-51CE56F7615B}"
EndProject
Project("{2150E333-8FDC-42A3-9474-1A3956D46DE8}") = "tests", "tests", "{C375A206-3D5C-4B24-A070-75B282E7E49C}"
EndProject
Project("{FAE04EC0-301F-11D3-BF4B-00C04F79EFBC}") = "StudentRegistration.Domain.UnitTests", "tests\StudentRegistration.Domain.UnitTests\StudentRegistration.Domain.UnitTests.csproj", "{A2034748-33AC-4004-A726-EC1FA4794149}"
EndProject
Global
	GlobalSection(SolutionConfigurationPlatforms) = preSolution
		Debug|Any CPU = Debug|Any CPU
		Release|Any CPU = Release|Any CPU
	EndGlobalSection
	GlobalSection(SolutionProperties) = preSolution
		HideSolutionNode = FALSE
	EndGlobalSection
	GlobalSection(ProjectConfigurationPlatforms) = postSolution
		{E041E9CC-C295-44D5-84E3-28AB61E69E70}.Debug|Any CPU.ActiveCfg = Debug|Any CPU
		{E041E9CC-C295-44D5-84E3-28AB61E69E70}.Debug|Any CPU.Build.0 = Debug|Any CPU
		{E041E9CC-C295-44D5-84E3-28AB61E69E70}.Release|Any CPU.ActiveCfg = Release|Any CPU
		{E041E9CC-C295-44D5-84E3-28AB61E69E70}.Release|Any CPU.Build.0 = Release|Any CPU
		{87B73FA1-9A75-4A73-96F7-3D3A9D8AC110}.Debug|Any CPU.ActiveCfg = Debug|Any CPU
		{87B73FA1-9A75-4A73-96F7-3D3A9D8AC110}.Debug|Any CPU.Build.0 = Debug|Any CPU
		{87B73FA1-9A75-4A73-96F7-3D3A9D8AC110}.Release|Any CPU.ActiveCfg = Release|Any CPU
		{87B73FA1-9A75-4A73-96F7-3D3A9D8AC110}.Release|Any CPU.Build.0 = Release|Any CPU
		{A3093297-9534-49A6-86F9-FE715A287DDB}.Debug|Any CPU.ActiveCfg = Debug|Any CPU
		{A3093297-9534-49A6-86F9-FE715A287DDB}.Debug|Any CPU.Build.0 = Debug|Any CPU
		{A3093297-9534-49A6-86F9-FE715A287DDB}.Release|Any CPU.ActiveCfg = Release|Any CPU
		{A3093297-9534-49A6-86F9-FE715A287DDB}.Release|Any CPU.Build.0 = Release|Any CPU
		{882D7D71-A165-4629-9D19-51CE56F7615B}.Debug|Any CPU.ActiveCfg = Debug|Any CPU
		{882D7D71-A165-4629-9D19-51CE56F7615B}.Debug|Any CPU.Build.0 = Debug|Any CPU
		{882D7D71-A165-4629-9D19-51CE56F7615B}.Release|Any CPU.ActiveCfg = Release|Any CPU
		{882D7D71-A165-4629-9D19-51CE56F7615B}.Release|Any CPU.Build.0 = Release|Any CPU
		{A2034748-33AC-4004-A726-EC1FA4794149}.Debug|Any CPU.ActiveCfg = Debug|Any CPU
		{A2034748-33AC-4004-A726-EC1FA4794149}.Debug|Any CPU.Build.0 = Debug|Any CPU
		{A2034748-33AC-4004-A726-EC1FA4794149}.Release|Any CPU.ActiveCfg = Release|Any CPU
		{A2034748-33AC-4004-A726-EC1FA4794149}.Release|Any CPU.Build.0 = Release|Any CPU
	EndGlobalSection
	GlobalSection(NestedProjects) = preSolution
		{74E7389C-BDA0-493C-884D-DA0670377761} = {BAF795BE-E2E2-4609-9EAC-0DA6B27A28B5}
		{E041E9CC-C295-44D5-84E3-28AB61E69E70} = {74E7389C-BDA0-493C-884D-DA0670377761}
		{87B73FA1-9A75-4A73-96F7-3D3A9D8AC110} = {74E7389C-BDA0-493C-884D-DA0670377761}
		{0F68CD8F-A694-4C06-9846-010C21689B21} = {BAF795BE-E2E2-4609-9EAC-0DA6B27A28B5}
		{A3093297-9534-49A6-86F9-FE715A287DDB} = {0F68CD8F-A694-4C06-9846-010C21689B21}
		{ED96C240-D050-48F7-96B0-06739BEE742C} = {BAF795BE-E2E2-4609-9EAC-0DA6B27A28B5}
		{882D7D71-A165-4629-9D19-51CE56F7615B} = {ED96C240-D050-48F7-96B0-06739BEE742C}
		{A2034748-33AC-4004-A726-EC1FA4794149} = {C375A206-3D5C-4B24-A070-75B282E7E49C}
	EndGlobalSection
EndGlobal
